<?xml version="1.0" encoding="utf-8"?>
<Project ToolsVersion="4.0" xmlns="http://schemas.microsoft.com/developer/msbuild/2003">
  <ItemGroup>
    <Filter Include="Source Files">
      <UniqueIdentifier>{4FC737F1-C7A5-4376-A066-2A32D752A2FF}</UniqueIdentifier>
      <Extensions>cpp;c;cc;cxx;def;odl;idl;hpj;bat;asm;asmx</Extensions>
    </Filter>
    <Filter Include="Header Files">
      <UniqueIdentifier>{93995380-89BD-4b04-88EB-625FBE52EBFB}</UniqueIdentifier>
      <Extensions>h;hh;hpp;hxx;hm;inl;inc;xsd</Extensions>
    </Filter>
    <Filter Include="Resource Files">
      <UniqueIdentifier>{67DA6AB6-F800-4c08-8B7A-83BB121AAD01}</UniqueIdentifier>
      <Extensions>qrc;rc;ico;cur;bmp;dlg;rc2;rct;bin;rgs;gif;jpg;jpeg;jpe;resx;tiff;tif;png;wav;mfcribbon-ms</Extensions>
    </Filter>
    <Filter Include="Form Files">
      <UniqueIdentifier>{99349809-55BA-4b9d-BF79-8FDBB0286EB3}</UniqueIdentifier>
      <Extensions>ui</Extensions>
    </Filter>
    <Filter Include="Translation Files">
      <UniqueIdentifier>{639EADAA-A684-42e4-A9AD-28FC9BCB8F7C}</UniqueIdentifier>
      <Extensions>ts</Extensions>
    </Filter>
    <Filter Include="Header Files\Validators">
      <UniqueIdentifier>{835d7ed8-b7e2-477a-967c-1648a0432b6b}</UniqueIdentifier>
    </Filter>
    <Filter Include="Source Files\Validators">
      <UniqueIdentifier>{c38ef9ef-b50a-469b-911f-018d3ff801d1}</UniqueIdentifier>
    </Filter>
    <Filter Include="Source Files\REST Api Callers">
      <UniqueIdentifier>{a3d183b9-3c50-45f3-8c42-fbd4a2957d2c}</UniqueIdentifier>
    </Filter>
    <Filter Include="Header Files\REST Api Callers">
      <UniqueIdentifier>{281098d0-f250-432c-8d71-fd6fae6a4da1}</UniqueIdentifier>
    </Filter>
    <Filter Include="Header Files\Windows">
      <UniqueIdentifier>{f127e1fe-5f82-44cb-a8c4-6b1c3e09c823}</UniqueIdentifier>
    </Filter>
    <Filter Include="Source Files\Windows">
      <UniqueIdentifier>{cf597978-2864-49fd-be6d-58191d4ae1cc}</UniqueIdentifier>
    </Filter>
  </ItemGroup>
  <ItemGroup>
    <QtRcc Include="mainWindow.qrc">
      <Filter>Resource Files</Filter>
    </QtRcc>
  </ItemGroup>
  <ItemGroup>
    <ClCompile Include="main.cpp">
      <Filter>Source Files</Filter>
    </ClCompile>
    <ClCompile Include="ServerConnectionManager.cpp">
      <Filter>Source Files</Filter>
    </ClCompile>
    <ClCompile Include="ServerConnection.cpp">
      <Filter>Source Files</Filter>
    </ClCompile>
    <ClCompile Include="UsernameValidator.cpp">
      <Filter>Source Files\Validators</Filter>
    </ClCompile>
    <ClCompile Include="PasswordValidator.cpp">
      <Filter>Source Files\Validators</Filter>
    </ClCompile>
    <ClCompile Include="RESTApiCaller.cpp">
      <Filter>Source Files\REST Api Callers</Filter>
    </ClCompile>
    <ClCompile Include="LoginApiCaller.cpp">
      <Filter>Source Files\REST Api Callers</Filter>
    </ClCompile>
    <ClCompile Include="LoginWindow.cpp">
      <Filter>Source Files\Windows</Filter>
    </ClCompile>
    <ClCompile Include="RegisterWindow.cpp">
      <Filter>Source Files\Windows</Filter>
    </ClCompile>
  </ItemGroup>
  <ItemGroup>
    <ClInclude Include="QtMacros.h">
      <Filter>Header Files</Filter>
    </ClInclude>
    <ClInclude Include="ServerConnectionManager.h">
      <Filter>Header Files</Filter>
    </ClInclude>
    <ClInclude Include="ServerConnection.h">
      <Filter>Header Files</Filter>
    </ClInclude>
    <ClInclude Include="Validator.h">
      <Filter>Header Files\Validators</Filter>
    </ClInclude>
    <ClInclude Include="UsernameValidator.h">
      <Filter>Header Files\Validators</Filter>
    </ClInclude>
    <ClInclude Include="PasswordValidator.h">
      <Filter>Header Files\Validators</Filter>
    </ClInclude>
    <ClInclude Include="RESTApiCaller.h">
      <Filter>Header Files\REST Api Callers</Filter>
    </ClInclude>
    <ClInclude Include="LoginApiCaller.h">
      <Filter>Header Files\REST Api Callers</Filter>
    </ClInclude>
  </ItemGroup>
  <ItemGroup>
    <QtUic Include="loginWindow.ui">
      <Filter>Form Files</Filter>
    </QtUic>
    <QtUic Include="RegisterWindow.ui">
      <Filter>Form Files</Filter>
    </QtUic>
  </ItemGroup>
  <ItemGroup>
    <QtMoc Include="LoginWindow.h">
      <Filter>Header Files\Windows</Filter>
    </QtMoc>
    <QtMoc Include="RegisterWindow.h">
      <Filter>Header Files\Windows</Filter>
    </QtMoc>
  </ItemGroup>
</Project>